
Microsoft Visual Studio Solution File, Format Version 12.00
# Visual Studio Version 17
VisualStudioVersion = 17.0.32112.339
MinimumVisualStudioVersion = 10.0.40219.1
Project("{FAE04EC0-301F-11D3-BF4B-00C04F79EFBC}") = "BlazorEcommerce.Server", "BlazorEcommerce\Server\BlazorEcommerce.Server.csproj", "{AB95992F-5510-42AB-9A4C-EF819DD8B9D4}"
EndProject
Project("{FAE04EC0-301F-11D3-BF4B-00C04F79EFBC}") = "BlazorEcommerce.Client", "BlazorEcommerce\Client\BlazorEcommerce.Client.csproj", "{9EA47066-3BDA-4CB1-8EE5-ECC437D10097}"
EndProject
Project("{FAE04EC0-301F-11D3-BF4B-00C04F79EFBC}") = "BlazorEcommerce.Shared", "BlazorEcommerce\Shared\BlazorEcommerce.Shared.csproj", "{EEC62D68-2425-4FF6-8F64-CCF5A1CCA466}"
EndProject
Global
	GlobalSection(SolutionConfigurationPlatforms) = preSolution
		Debug|Any CPU = Debug|Any CPU
		Release|Any CPU = Release|Any CPU
	EndGlobalSection
	GlobalSection(ProjectConfigurationPlatforms) = postSolution
		{AB95992F-5510-42AB-9A4C-EF819DD8B9D4}.Debug|Any CPU.ActiveCfg = Debug|Any CPU
		{AB95992F-5510-42AB-9A4C-EF819DD8B9D4}.Debug|Any CPU.Build.0 = Debug|Any CPU
		{AB95992F-5510-42AB-9A4C-EF819DD8B9D4}.Release|Any CPU.ActiveCfg = Release|Any CPU
		{AB95992F-5510-42AB-9A4C-EF819DD8B9D4}.Release|Any CPU.Build.0 = Release|Any CPU
		{9EA47066-3BDA-4CB1-8EE5-ECC437D10097}.Debug|Any CPU.ActiveCfg = Debug|Any CPU
		{9EA47066-3BDA-4CB1-8EE5-ECC437D10097}.Debug|Any CPU.Build.0 = Debug|Any CPU
		{9EA47066-3BDA-4CB1-8EE5-ECC437D10097}.Release|Any CPU.ActiveCfg = Release|Any CPU
		{9EA47066-3BDA-4CB1-8EE5-ECC437D10097}.Release|Any CPU.Build.0 = Release|Any CPU
		{EEC62D68-2425-4FF6-8F64-CCF5A1CCA466}.Debug|Any CPU.ActiveCfg = Debug|Any CPU
		{EEC62D68-2425-4FF6-8F64-CCF5A1CCA466}.Debug|Any CPU.Build.0 = Debug|Any CPU
		{EEC62D68-2425-4FF6-8F64-CCF5A1CCA466}.Release|Any CPU.ActiveCfg = Release|Any CPU
		{EEC62D68-2425-4FF6-8F64-CCF5A1CCA466}.Release|Any CPU.Build.0 = Release|Any CPU
	EndGlobalSection
	GlobalSection(SolutionProperties) = preSolution
		HideSolutionNode = FALSE
	EndGlobalSection
	GlobalSection(ExtensibilityGlobals) = postSolution
		SolutionGuid = {E6C44E45-41F2-4692-BA40-1908F349887A}
	EndGlobalSection
EndGlobal
